
Microsoft Visual Studio Solution File, Format Version 12.00
# Visual Studio Version 17
VisualStudioVersion = 17.10.34916.146
MinimumVisualStudioVersion = 10.0.40219.1
Project("{FAE04EC0-301F-11D3-BF4B-00C04F79EFBC}") = "SimpleTestOpenIA", "SimpleTestOpenIA.csproj", "{FD4CB16D-444F-47D7-848D-99B318454BD0}"
EndProject
Global
	GlobalSection(SolutionConfigurationPlatforms) = preSolution
		Debug|Any CPU = Debug|Any CPU
		Release|Any CPU = Release|Any CPU
	EndGlobalSection
	GlobalSection(ProjectConfigurationPlatforms) = postSolution
		{FD4CB16D-444F-47D7-848D-99B318454BD0}.Debug|Any CPU.ActiveCfg = Debug|Any CPU
		{FD4CB16D-444F-47D7-848D-99B318454BD0}.Debug|Any CPU.Build.0 = Debug|Any CPU
		{FD4CB16D-444F-47D7-848D-99B318454BD0}.Release|Any CPU.ActiveCfg = Release|Any CPU
		{FD4CB16D-444F-47D7-848D-99B318454BD0}.Release|Any CPU.Build.0 = Release|Any CPU
	EndGlobalSection
	GlobalSection(SolutionProperties) = preSolution
		HideSolutionNode = FALSE
	EndGlobalSection
	GlobalSection(ExtensibilityGlobals) = postSolution
		SolutionGuid = {699B2AAB-7398-4F70-830C-841F050DD48F}
	EndGlobalSection
EndGlobal
